{
  "name": "firebase",
  "lockfileVersion": 3,
  "requires": true,
  "packages": {
    "": {
      "dependencies": {
        "object-to-xml": "^2.0.0",
        "xmlbuilder": "^15.1.1"
      }
    },
    "node_modules/dank-each": {
      "version": "1.0.0",
      "resolved": "https://registry.npmjs.org/dank-each/-/dank-each-1.0.0.tgz",
      "integrity": "sha512-gMDy24y+3LlnAaHq4WFwRKliMZRkGp41Gy9JVsD1BO5tprb/lEh4afJlkankcTqRoppSaHRwgFQX61QjJ5ClfQ=="
    },
    "node_modules/dank-map": {
      "version": "0.1.0",
      "resolved": "https://registry.npmjs.org/dank-map/-/dank-map-0.1.0.tgz",
      "integrity": "sha512-mQoLySkWc5bQM8XKXz0rIuISX/+12rSSfPojYlTVT6KPj3LsvfLURtrv0w+QEt1gRIKwp9mxnwOcL5nsOTkk2Q=="
    },
    "node_modules/sanitizer": {
      "version": "0.1.3",
      "resolved": "https://registry.npmjs.org/sanitizer/-/sanitizer-0.1.3.tgz",
      "integrity": "sha512-j05vL56tR90rsYqm9ZD05v6K4HI7t4yMDEvvU0x4f+IADXM9Jx1x9mzatxOs5drJq6dGhugxDW99mcPvXVLl+Q=="
    },
  }
}
